sonata_block:
    menus:
        "DwlEximCoreBundle:Builder:headerMenu": "Header Menu"
        "DwlEximCoreBundle:Builder:mainMenu": "Main Menu"
        "DwlEximCoreBundle:Builder:footerMenu": "Footer Menu"

doctrine:
    orm:
        entity_managers:
            default:
                mappings:
                    ApplicationSonataBlockBundle: ~

